{
  "name": "using-custom-modules",
  "version": "1.0.0",
  "lockfileVersion": 1,
  "dependencies": {
    "jeffrey-node-module-demo": {
      "version": "1.0.0",
      "resolved": "https://registry.npmjs.org/jeffrey-node-module-demo/-/jeffrey-node-module-demo-1.0.0.tgz",
      "integrity": "sha512-lVpOP2KHN8zDdF+/iKo2AtRF5af2/7WMzsl9kUQuCcRZprv4NC2SNuJTW2pkAGh9qcdHOt3PLfjYudCA8qzBHg=="
    }
  }
}
